{
  "name": "docverse-templates",
  "lockfileVersion": 3,
  "requires": true,
  "packages": {
    "": {
      "name": "docverse-templates",
      "license": "MIT",
      "dependencies": {
        "@lsst-sqre/rubin-style-dictionary": "^0.8.0"
      }
    },
    "node_modules/@lsst-sqre/rubin-style-dictionary": {
      "version": "0.8.0",
      "resolved": "https://npm.pkg.github.com/download/@lsst-sqre/rubin-style-dictionary/0.8.0/82e379f59bf2e23f2184cfc76dc8725d3d8d0600",
      "integrity": "sha512-/P1YaXQPw5D1L5ZvL8ApLEs8TQws1NBBaWJy//Ne9qi0xyeQRpntrq64GXUQPtcUxdCMjOgNrwgrNw0FaTj+Jw==",
      "license": "MIT"
    }
  }
}
